
Microsoft Visual Studio Solution File, Format Version 12.00
# Visual Studio Version 17
VisualStudioVersion = 17.8.34330.188
MinimumVisualStudioVersion = 10.0.40219.1
Project("{FAE04EC0-301F-11D3-BF4B-00C04F79EFBC}") = "pie store", "pie store\pie store.csproj", "{59ABD800-3879-457E-8411-77D6BE3D4F64}"
EndProject
Global
	GlobalSection(SolutionConfigurationPlatforms) = preSolution
		Debug|Any CPU = Debug|Any CPU
		Release|Any CPU = Release|Any CPU
	EndGlobalSection
	GlobalSection(ProjectConfigurationPlatforms) = postSolution
		{59ABD800-3879-457E-8411-77D6BE3D4F64}.Debug|Any CPU.ActiveCfg = Debug|Any CPU
		{59ABD800-3879-457E-8411-77D6BE3D4F64}.Debug|Any CPU.Build.0 = Debug|Any CPU
		{59ABD800-3879-457E-8411-77D6BE3D4F64}.Release|Any CPU.ActiveCfg = Release|Any CPU
		{59ABD800-3879-457E-8411-77D6BE3D4F64}.Release|Any CPU.Build.0 = Release|Any CPU
	EndGlobalSection
	GlobalSection(SolutionProperties) = preSolution
		HideSolutionNode = FALSE
	EndGlobalSection
	GlobalSection(ExtensibilityGlobals) = postSolution
		SolutionGuid = {F058EC47-1060-490B-A1F5-D9F3185899AB}
	EndGlobalSection
EndGlobal
